
Microsoft Visual Studio Solution File, Format Version 12.00
# Visual Studio 15
VisualStudioVersion = 15.0.27428.2015
MinimumVisualStudioVersion = 10.0.40219.1
Project("{FAE04EC0-301F-11D3-BF4B-00C04F79EFBC}") = "SplitLargeTexture", "SplitLargeTexture\SplitLargeTexture.csproj", "{546E04CD-3568-4557-B87B-2B1915C06334}"
EndProject
Global
	GlobalSection(SolutionConfigurationPlatforms) = preSolution
		Debug|Any CPU = Debug|Any CPU
		Release|Any CPU = Release|Any CPU
	EndGlobalSection
	GlobalSection(ProjectConfigurationPlatforms) = postSolution
		{546E04CD-3568-4557-B87B-2B1915C06334}.Debug|Any CPU.ActiveCfg = Debug|Any CPU
		{546E04CD-3568-4557-B87B-2B1915C06334}.Debug|Any CPU.Build.0 = Debug|Any CPU
		{546E04CD-3568-4557-B87B-2B1915C06334}.Release|Any CPU.ActiveCfg = Release|Any CPU
		{546E04CD-3568-4557-B87B-2B1915C06334}.Release|Any CPU.Build.0 = Release|Any CPU
	EndGlobalSection
	GlobalSection(SolutionProperties) = preSolution
		HideSolutionNode = FALSE
	EndGlobalSection
	GlobalSection(ExtensibilityGlobals) = postSolution
		SolutionGuid = {46EDCBFD-CE82-4E62-832F-5F41955A55E2}
	EndGlobalSection
EndGlobal
